
Microsoft Visual Studio Solution File, Format Version 12.00
# Visual Studio Version 17
VisualStudioVersion = 17.8.34511.84
MinimumVisualStudioVersion = 10.0.40219.1
Project("{FAE04EC0-301F-11D3-BF4B-00C04F79EFBC}") = "ProjectDLL", "ProjectDLL.csproj", "{06688A4D-B71D-43F4-9E39-484BF5391374}"
EndProject
Global
	GlobalSection(SolutionConfigurationPlatforms) = preSolution
		Debug|Any CPU = Debug|Any CPU
		Release|Any CPU = Release|Any CPU
	EndGlobalSection
	GlobalSection(ProjectConfigurationPlatforms) = postSolution
		{06688A4D-B71D-43F4-9E39-484BF5391374}.Debug|Any CPU.ActiveCfg = Debug|Any CPU
		{06688A4D-B71D-43F4-9E39-484BF5391374}.Debug|Any CPU.Build.0 = Debug|Any CPU
		{06688A4D-B71D-43F4-9E39-484BF5391374}.Release|Any CPU.ActiveCfg = Release|Any CPU
		{06688A4D-B71D-43F4-9E39-484BF5391374}.Release|Any CPU.Build.0 = Release|Any CPU
	EndGlobalSection
	GlobalSection(SolutionProperties) = preSolution
		HideSolutionNode = FALSE
	EndGlobalSection
	GlobalSection(ExtensibilityGlobals) = postSolution
		SolutionGuid = {3DE1A93F-6B5B-4BBD-A10D-556C72BD5D48}
	EndGlobalSection
EndGlobal
