
Microsoft Visual Studio Solution File, Format Version 12.00
# Visual Studio Version 17
VisualStudioVersion = 17.8.34511.84
MinimumVisualStudioVersion = 10.0.40219.1
Project("{FAE04EC0-301F-11D3-BF4B-00C04F79EFBC}") = "ProjectConsole", "ProjectConsole.csproj", "{C8AA114A-70C2-4991-869B-06B21923049F}"
EndProject
Global
	GlobalSection(SolutionConfigurationPlatforms) = preSolution
		Debug|Any CPU = Debug|Any CPU
		Release|Any CPU = Release|Any CPU
	EndGlobalSection
	GlobalSection(ProjectConfigurationPlatforms) = postSolution
		{C8AA114A-70C2-4991-869B-06B21923049F}.Debug|Any CPU.ActiveCfg = Debug|Any CPU
		{C8AA114A-70C2-4991-869B-06B21923049F}.Debug|Any CPU.Build.0 = Debug|Any CPU
		{C8AA114A-70C2-4991-869B-06B21923049F}.Release|Any CPU.ActiveCfg = Release|Any CPU
		{C8AA114A-70C2-4991-869B-06B21923049F}.Release|Any CPU.Build.0 = Release|Any CPU
	EndGlobalSection
	GlobalSection(SolutionProperties) = preSolution
		HideSolutionNode = FALSE
	EndGlobalSection
	GlobalSection(ExtensibilityGlobals) = postSolution
		SolutionGuid = {05A31CE9-5E8D-4785-BC1A-D465072F250E}
	EndGlobalSection
EndGlobal
